
Microsoft Visual Studio Solution File, Format Version 12.00
# Visual Studio Version 16
VisualStudioVersion = 16.0.29613.14
MinimumVisualStudioVersion = 10.0.40219.1
Project("{FAE04EC0-301F-11D3-BF4B-00C04F79EFBC}") = "Keesing.Calendar.Api", "Keesing.Calendar.Api\Keesing.Calendar.Api.csproj", "{A513F9F3-90F2-4111-97F3-F75A1AEE97CB}"
EndProject
Project("{FAE04EC0-301F-11D3-BF4B-00C04F79EFBC}") = "Keesing.Calendar.Test", "Keesing.Calendar.Test\Keesing.Calendar.Test.csproj", "{BEE875DB-2666-4D43-A565-2FE52E9B23E9}"
EndProject
Project("{2150E333-8FDC-42A3-9474-1A3956D46DE8}") = "Solution Items", "Solution Items", "{EB6EE99E-8C51-480F-BB5E-CEB710C63677}"
	ProjectSection(SolutionItems) = preProject
		README.md = README.md
	EndProjectSection
EndProject
Global
	GlobalSection(SolutionConfigurationPlatforms) = preSolution
		Debug|Any CPU = Debug|Any CPU
		Release|Any CPU = Release|Any CPU
	EndGlobalSection
	GlobalSection(ProjectConfigurationPlatforms) = postSolution
		{A513F9F3-90F2-4111-97F3-F75A1AEE97CB}.Debug|Any CPU.ActiveCfg = Debug|Any CPU
		{A513F9F3-90F2-4111-97F3-F75A1AEE97CB}.Debug|Any CPU.Build.0 = Debug|Any CPU
		{A513F9F3-90F2-4111-97F3-F75A1AEE97CB}.Release|Any CPU.ActiveCfg = Release|Any CPU
		{A513F9F3-90F2-4111-97F3-F75A1AEE97CB}.Release|Any CPU.Build.0 = Release|Any CPU
		{BEE875DB-2666-4D43-A565-2FE52E9B23E9}.Debug|Any CPU.ActiveCfg = Debug|Any CPU
		{BEE875DB-2666-4D43-A565-2FE52E9B23E9}.Debug|Any CPU.Build.0 = Debug|Any CPU
		{BEE875DB-2666-4D43-A565-2FE52E9B23E9}.Release|Any CPU.ActiveCfg = Release|Any CPU
		{BEE875DB-2666-4D43-A565-2FE52E9B23E9}.Release|Any CPU.Build.0 = Release|Any CPU
	EndGlobalSection
	GlobalSection(SolutionProperties) = preSolution
		HideSolutionNode = FALSE
	EndGlobalSection
	GlobalSection(ExtensibilityGlobals) = postSolution
		SolutionGuid = {4DA0AD8E-C19E-4BDA-B5F1-CAF117390CF2}
	EndGlobalSection
EndGlobal
